{
  "name": "workspace",
  "lockfileVersion": 3,
  "requires": true,
  "packages": {
    "": {
      "devDependencies": {
        "@fontsource/inter": "^5.2.5",
        "@fontsource/merriweather": "^5.2.7"
      }
    },
    "node_modules/@fontsource/inter": {
      "version": "5.2.5",
      "resolved": "https://registry.npmjs.org/@fontsource/inter/-/inter-5.2.5.tgz",
      "integrity": "sha512-kbsPKj0S4p44JdYRFiW78Td8Ge2sBVxi/PIBwmih+RpSXUdvS9nbs1HIiuUSPtRMi14CqLEZ/fbk7dj7vni1Sg==",
      "dev": true,
      "license": "OFL-1.1",
      "funding": {
        "url": "https://github.com/sponsors/ayuhito"
      }
    },
    "node_modules/@fontsource/merriweather": {
      "version": "5.2.7",
      "resolved": "https://registry.npmjs.org/@fontsource/merriweather/-/merriweather-5.2.7.tgz",
      "integrity": "sha512-ryOP1w5L0bZCFm1YoITndy18N+4Z07sJFkWEl9XxCAbqx88gkUO/F/vjPMw4Uup20w6plDD5w6xmsRiAI3+1NA==",
      "dev": true,
      "license": "OFL-1.1",
      "funding": {
        "url": "https://github.com/sponsors/ayuhito"
      }
    }
  }
}
